
Microsoft Visual Studio Solution File, Format Version 12.00
Project("{FAE04EC0-301F-11D3-BF4B-00C04F79EFBC}") = "SmashRabbitMq", "SmashRabbitMq\SmashRabbitMq.csproj", "{9BA87D6C-30D2-4D0A-A79B-8E73AB4184BE}"
EndProject
Global
	GlobalSection(SolutionConfigurationPlatforms) = preSolution
		Debug|Any CPU = Debug|Any CPU
		Release|Any CPU = Release|Any CPU
	EndGlobalSection
	GlobalSection(ProjectConfigurationPlatforms) = postSolution
		{9BA87D6C-30D2-4D0A-A79B-8E73AB4184BE}.Debug|Any CPU.ActiveCfg = Debug|Any CPU
		{9BA87D6C-30D2-4D0A-A79B-8E73AB4184BE}.Debug|Any CPU.Build.0 = Debug|Any CPU
		{9BA87D6C-30D2-4D0A-A79B-8E73AB4184BE}.Release|Any CPU.ActiveCfg = Release|Any CPU
		{9BA87D6C-30D2-4D0A-A79B-8E73AB4184BE}.Release|Any CPU.Build.0 = Release|Any CPU
	EndGlobalSection
EndGlobal
