
Microsoft Visual Studio Solution File, Format Version 12.00
# Visual Studio Version 17
VisualStudioVersion = 17.3.32929.385
MinimumVisualStudioVersion = 10.0.40219.1
Project("{9A19103F-16F7-4668-BE54-9A1E7A4F7556}") = "GrpcGreeter", "GrpcGreeter\GrpcGreeter.csproj", "{1335EF1C-05FD-4DF8-AA98-D2AB1CE3C7A3}"
EndProject
Project("{9A19103F-16F7-4668-BE54-9A1E7A4F7556}") = "GrpcGreeterClient", "GrpcGreeterClient\GrpcGreeterClient.csproj", "{1C998AB7-49D2-4485-994B-DBE341A93D10}"
EndProject
Project("{FAE04EC0-301F-11D3-BF4B-00C04F79EFBC}") = "GrpcMockMEPConsoleApp", "GrpcMockMEPConsoleApp\GrpcMockMEPConsoleApp.csproj", "{0CE91491-0043-4BEB-A070-8439437158DF}"
EndProject
Global
	GlobalSection(SolutionConfigurationPlatforms) = preSolution
		Debug|Any CPU = Debug|Any CPU
		Release|Any CPU = Release|Any CPU
	EndGlobalSection
	GlobalSection(ProjectConfigurationPlatforms) = postSolution
		{1335EF1C-05FD-4DF8-AA98-D2AB1CE3C7A3}.Debug|Any CPU.ActiveCfg = Debug|Any CPU
		{1335EF1C-05FD-4DF8-AA98-D2AB1CE3C7A3}.Debug|Any CPU.Build.0 = Debug|Any CPU
		{1335EF1C-05FD-4DF8-AA98-D2AB1CE3C7A3}.Release|Any CPU.ActiveCfg = Release|Any CPU
		{1335EF1C-05FD-4DF8-AA98-D2AB1CE3C7A3}.Release|Any CPU.Build.0 = Release|Any CPU
		{1C998AB7-49D2-4485-994B-DBE341A93D10}.Debug|Any CPU.ActiveCfg = Debug|Any CPU
		{1C998AB7-49D2-4485-994B-DBE341A93D10}.Debug|Any CPU.Build.0 = Debug|Any CPU
		{1C998AB7-49D2-4485-994B-DBE341A93D10}.Release|Any CPU.ActiveCfg = Release|Any CPU
		{1C998AB7-49D2-4485-994B-DBE341A93D10}.Release|Any CPU.Build.0 = Release|Any CPU
		{0CE91491-0043-4BEB-A070-8439437158DF}.Debug|Any CPU.ActiveCfg = Debug|Any CPU
		{0CE91491-0043-4BEB-A070-8439437158DF}.Debug|Any CPU.Build.0 = Debug|Any CPU
		{0CE91491-0043-4BEB-A070-8439437158DF}.Release|Any CPU.ActiveCfg = Release|Any CPU
		{0CE91491-0043-4BEB-A070-8439437158DF}.Release|Any CPU.Build.0 = Release|Any CPU
	EndGlobalSection
	GlobalSection(SolutionProperties) = preSolution
		HideSolutionNode = FALSE
	EndGlobalSection
	GlobalSection(ExtensibilityGlobals) = postSolution
		SolutionGuid = {731FB6A5-2A45-4828-85DD-A5584DA9E032}
	EndGlobalSection
EndGlobal
