
Microsoft Visual Studio Solution File, Format Version 12.00
# Visual Studio Version 16
VisualStudioVersion = 16.0.30114.105
MinimumVisualStudioVersion = 10.0.40219.1
Project("{FAE04EC0-301F-11D3-BF4B-00C04F79EFBC}") = "dapr-http-backend", "DaprHttpBackend\dapr-http-backend.csproj", "{AC564597-028F-489A-9F75-1E1AFD84F579}"
EndProject
Project("{FAE04EC0-301F-11D3-BF4B-00C04F79EFBC}") = "dapr-grpc-backend", "DaprGrpcBackend\dapr-grpc-backend.csproj", "{1EF99758-F625-4D6C-8982-F190381C7E69}"
EndProject
Project("{FAE04EC0-301F-11D3-BF4B-00C04F79EFBC}") = "dapr-frontend", "DaprFrontend\dapr-frontend.csproj", "{237C342A-A0A5-4C25-BD5E-8F14086B81E0}"
EndProject
Global
	GlobalSection(SolutionConfigurationPlatforms) = preSolution
		Debug|Any CPU = Debug|Any CPU
		Release|Any CPU = Release|Any CPU
	EndGlobalSection
	GlobalSection(SolutionProperties) = preSolution
		HideSolutionNode = FALSE
	EndGlobalSection
	GlobalSection(ProjectConfigurationPlatforms) = postSolution
		{AC564597-028F-489A-9F75-1E1AFD84F579}.Debug|Any CPU.ActiveCfg = Debug|Any CPU
		{AC564597-028F-489A-9F75-1E1AFD84F579}.Debug|Any CPU.Build.0 = Debug|Any CPU
		{AC564597-028F-489A-9F75-1E1AFD84F579}.Release|Any CPU.ActiveCfg = Release|Any CPU
		{AC564597-028F-489A-9F75-1E1AFD84F579}.Release|Any CPU.Build.0 = Release|Any CPU
		{1EF99758-F625-4D6C-8982-F190381C7E69}.Debug|Any CPU.ActiveCfg = Debug|Any CPU
		{1EF99758-F625-4D6C-8982-F190381C7E69}.Debug|Any CPU.Build.0 = Debug|Any CPU
		{1EF99758-F625-4D6C-8982-F190381C7E69}.Release|Any CPU.ActiveCfg = Release|Any CPU
		{1EF99758-F625-4D6C-8982-F190381C7E69}.Release|Any CPU.Build.0 = Release|Any CPU
		{237C342A-A0A5-4C25-BD5E-8F14086B81E0}.Debug|Any CPU.ActiveCfg = Debug|Any CPU
		{237C342A-A0A5-4C25-BD5E-8F14086B81E0}.Debug|Any CPU.Build.0 = Debug|Any CPU
		{237C342A-A0A5-4C25-BD5E-8F14086B81E0}.Release|Any CPU.ActiveCfg = Release|Any CPU
		{237C342A-A0A5-4C25-BD5E-8F14086B81E0}.Release|Any CPU.Build.0 = Release|Any CPU
	EndGlobalSection
EndGlobal
